// !$*UTF8*$!
{
	archiveVersion = 1;
	classes = {
	};
	objectVersion = 56;
	objects = {

/* Begin PBXBuildFile section */
		7D2BC3BA2943A1CF0016129A /* AppDelegate.m in Sources */ = {isa = PBXBuildFile; fileRef = 7D2BC3B92943A1CF0016129A /* AppDelegate.m */; };
		7D2BC3BD2943A1CF0016129A /* SceneDelegate.m in Sources */ = {isa = PBXBuildFile; fileRef = 7D2BC3BC2943A1CF0016129A /* SceneDelegate.m */; };
		7D2BC3C02943A1CF0016129A /* ViewController.m in Sources */ = {isa = PBXBuildFile; fileRef = 7D2BC3BF2943A1CF0016129A /* ViewController.m */; };
		7D2BC3C32943A1CF0016129A /* Main.storyboard in Resources */ = {isa = PBXBuildFile; fileRef = 7D2BC3C12943A1CF0016129A /* Main.storyboard */; };
		7D2BC3C52943A1D10016129A /* Assets.xcassets in Resources */ = {isa = PBXBuildFile; fileRef = 7D2BC3C42943A1D10016129A /* Assets.xcassets */; };
		7D2BC3C82943A1D10016129A /* LaunchScreen.storyboard in Resources */ = {isa = PBXBuildFile; fileRef = 7D2BC3C62943A1D10016129A /* LaunchScreen.storyboard */; };
		7D2BC3CB2943A1D10016129A /* main.m in Sources */ = {isa = PBXBuildFile; fileRef = 7D2BC3CA2943A1D10016129A /* main.m */; };
		7D2BC3D32943A1DC0016129A /* MBEMetalView.m in Sources */ = {isa = PBXBuildFile; fileRef = 7D2BC3D22943A1DC0016129A /* MBEMetalView.m */; };
		7D2BC3D52943A5310016129A /* Shaders.metal in Sources */ = {isa = PBXBuildFile; fileRef = 7D2BC3D42943A5310016129A /* Shaders.metal */; };
/* End PBXBuildFile section */

/* Begin PBXFileReference section */
		7D2BC3B52943A1CF0016129A /* DrawingIn2D.app */ = {isa = PBXFileReference; explicitFileType = wrapper.application; includeInIndex = 0; path = DrawingIn2D.app; sourceTree = BUILT_PRODUCTS_DIR; };
		7D2BC3B82943A1CF0016129A /* AppDelegate.h */ = {isa = PBXFileReference; lastKnownFileType = sourcecode.c.h; path = AppDelegate.h; sourceTree = "<group>"; };
		7D2BC3B92943A1CF0016129A /* AppDelegate.m */ = {isa = PBXFileReference; lastKnownFileType = sourcecode.c.objc; path = AppDelegate.m; sourceTree = "<group>"; };
		7D2BC3BB2943A1CF0016129A /* SceneDelegate.h */ = {isa = PBXFileReference; lastKnownFileType = sourcecode.c.h; path = SceneDelegate.h; sourceTree = "<group>"; };
		7D2BC3BC2943A1CF0016129A /* SceneDelegate.m */ = {isa = PBXFileReference; lastKnownFileType = sourcecode.c.objc; path = SceneDelegate.m; sourceTree = "<group>"; };
		7D2BC3BE2943A1CF0016129A /* ViewController.h */ = {isa = PBXFileReference; lastKnownFileType = sourcecode.c.h; path = ViewController.h; sourceTree = "<group>"; };
		7D2BC3BF2943A1CF0016129A /* ViewController.m */ = {isa = PBXFileReference; lastKnownFileType = sourcecode.c.objc; path = ViewController.m; sourceTree = "<group>"; };
		7D2BC3C22943A1CF0016129A /* Base */ = {isa = PBXFileReference; lastKnownFileType = file.storyboard; name = Base; path = Base.lproj/Main.storyboard; sourceTree = "<group>"; };
		7D2BC3C42943A1D10016129A /* Assets.xcassets */ = {isa = PBXFileReference; lastKnownFileType = folder.assetcatalog; path = Assets.xcassets; sourceTree = "<group>"; };
		7D2BC3C72943A1D10016129A /* Base */ = {isa = PBXFileReference; lastKnownFileType = file.storyboard; name = Base; path = Base.lproj/LaunchScreen.storyboard; sourceTree = "<group>"; };
		7D2BC3C92943A1D10016129A /* Info.plist */ = {isa = PBXFileReference; lastKnownFileType = text.plist.xml; path = Info.plist; sourceTree = "<group>"; };
		7D2BC3CA2943A1D10016129A /* main.m */ = {isa = PBXFileReference; lastKnownFileType = sourcecode.c.objc; path = main.m; sourceTree = "<group>"; };
		7D2BC3D12943A1DC0016129A /* MBEMetalView.h */ = {isa = PBXFileReference; lastKnownFileType = sourcecode.c.h; path = MBEMetalView.h; sourceTree = "<group>"; };
		7D2BC3D22943A1DC0016129A /* MBEMetalView.m */ = {isa = PBXFileReference; lastKnownFileType = sourcecode.c.objc; path = MBEMetalView.m; sourceTree = "<group>"; };
		7D2BC3D42943A5310016129A /* Shaders.metal */ = {isa = PBXFileReference; lastKnownFileType = sourcecode.metal; path = Shaders.metal; sourceTree = "<group>"; };
/* End PBXFileReference section */

/* Begin PBXFrameworksBuildPhase section */
		7D2BC3B22943A1CF0016129A /* Frameworks */ = {
			isa = PBXFrameworksBuildPhase;
			buildActionMask = 2147483647;
			files = (
			);
			runOnlyForDeploymentPostprocessing = 0;
		};
/* End PBXFrameworksBuildPhase section */

/* Begin PBXGroup section */
		7D2BC3AC2943A1CE0016129A = {
			isa = PBXGroup;
			children = (
				7D2BC3B72943A1CF0016129A /* DrawingIn2D */,
				7D2BC3B62943A1CF0016129A /* Products */,
			);
			sourceTree = "<group>";
		};
		7D2BC3B62943A1CF0016129A /* Products */ = {
			isa = PBXGroup;
			children = (
				7D2BC3B52943A1CF0016129A /* DrawingIn2D.app */,
			);
			name = Products;
			sourceTree = "<group>";
		};
		7D2BC3B72943A1CF0016129A /* DrawingIn2D */ = {
			isa = PBXGroup;
			children = (
				7D2BC3B82943A1CF0016129A /* AppDelegate.h */,
				7D2BC3B92943A1CF0016129A /* AppDelegate.m */,
				7D2BC3BB2943A1CF0016129A /* SceneDelegate.h */,
				7D2BC3BC2943A1CF0016129A /* SceneDelegate.m */,
				7D2BC3BE2943A1CF0016129A /* ViewController.h */,
				7D2BC3BF2943A1CF0016129A /* ViewController.m */,
				7D2BC3D12943A1DC0016129A /* MBEMetalView.h */,
				7D2BC3D22943A1DC0016129A /* MBEMetalView.m */,
				7D2BC3D42943A5310016129A /* Shaders.metal */,
				7D2BC3C12943A1CF0016129A /* Main.storyboard */,
				7D2BC3C42943A1D10016129A /* Assets.xcassets */,
				7D2BC3C62943A1D10016129A /* LaunchScreen.storyboard */,
				7D2BC3C92943A1D10016129A /* Info.plist */,
				7D2BC3CA2943A1D10016129A /* main.m */,
			);
			path = DrawingIn2D;
			sourceTree = "<group>";
		};
/* End PBXGroup section */

/* Begin PBXNativeTarget section */
		7D2BC3B42943A1CF0016129A /* DrawingIn2D */ = {
			isa = PBXNativeTarget;
			buildConfigurationList = 7D2BC3CE2943A1D10016129A /* Build configuration list for PBXNativeTarget "DrawingIn2D" */;
			buildPhases = (
				7D2BC3B12943A1CF0016129A /* Sources */,
				7D2BC3B22943A1CF0016129A /* Frameworks */,
				7D2BC3B32943A1CF0016129A /* Resources */,
			);
			buildRules = (
			);
			dependencies = (
			);
			name = DrawingIn2D;
			productName = DrawingIn2D;
			productReference = 7D2BC3B52943A1CF0016129A /* DrawingIn2D.app */;
			productType = "com.apple.product-type.application";
		};
/* End PBXNativeTarget section */

/* Begin PBXProject section */
		7D2BC3AD2943A1CE0016129A /* Project object */ = {
			isa = PBXProject;
			attributes = {
				BuildIndependentTargetsInParallel = 1;
				LastUpgradeCheck = 1410;
				TargetAttributes = {
					7D2BC3B42943A1CF0016129A = {
						CreatedOnToolsVersion = 14.1;
					};
				};
			};
			buildConfigurationList = 7D2BC3B02943A1CE0016129A /* Build configuration list for PBXProject "DrawingIn2D" */;
			compatibilityVersion = "Xcode 14.0";
			developmentRegion = en;
			hasScannedForEncodings = 0;
			knownRegions = (
				en,
				Base,
			);
			mainGroup = 7D2BC3AC2943A1CE0016129A;
			productRefGroup = 7D2BC3B62943A1CF0016129A /* Products */;
			projectDirPath = "";
			projectRoot = "";
			targets = (
				7D2BC3B42943A1CF0016129A /* DrawingIn2D */,
			);
		};
/* End PBXProject section */

/* Begin PBXResourcesBuildPhase section */
		7D2BC3B32943A1CF0016129A /* Resources */ = {
			isa = PBXResourcesBuildPhase;
			buildActionMask = 2147483647;
			files = (
				7D2BC3C82943A1D10016129A /* LaunchScreen.storyboard in Resources */,
				7D2BC3C52943A1D10016129A /* Assets.xcassets in Resources */,
				7D2BC3C32943A1CF0016129A /* Main.storyboard in Resources */,
			);
			runOnlyForDeploymentPostprocessing = 0;
		};
/* End PBXResourcesBuildPhase section */

/* Begin PBXSourcesBuildPhase section */
		7D2BC3B12943A1CF0016129A /* Sources */ = {
			isa = PBXSourcesBuildPhase;
			buildActionMask = 2147483647;
			files = (
				7D2BC3D52943A5310016129A /* Shaders.metal in Sources */,
				7D2BC3C02943A1CF0016129A /* ViewController.m in Sources */,
				7D2BC3BA2943A1CF0016129A /* AppDelegate.m in Sources */,
				7D2BC3CB2943A1D10016129A /* main.m in Sources */,
				7D2BC3D32943A1DC0016129A /* MBEMetalView.m in Sources */,
				7D2BC3BD2943A1CF0016129A /* SceneDelegate.m in Sources */,
			);
			runOnlyForDeploymentPostprocessing = 0;
		};
/* End PBXSourcesBuildPhase section */

/* Begin PBXVariantGroup section */
		7D2BC3C12943A1CF0016129A /* Main.storyboard */ = {
			isa = PBXVariantGroup;
			children = (
				7D2BC3C22943A1CF0016129A /* Base */,
			);
			name = Main.storyboard;
			sourceTree = "<group>";
		};
		7D2BC3C62943A1D10016129A /* LaunchScreen.storyboard */ = {
			isa = PBXVariantGroup;
			children = (
				7D2BC3C72943A1D10016129A /* Base */,
			);
			name = LaunchScreen.storyboard;
			sourceTree = "<group>";
		};
/* End PBXVariantGroup section */

/* Begin XCBuildConfiguration section */
		7D2BC3CC2943A1D10016129A /* Debug */ = {
			isa = XCBuildConfiguration;
			buildSettings = {
				ALWAYS_SEARCH_USER_PATHS = NO;
				CLANG_ANALYZER_NONNULL = YES;
				CLANG_ANALYZER_NUMBER_OBJECT_CONVERSION = YES_AGGRESSIVE;
				CLANG_CXX_LANGUAGE_STANDARD = "gnu++20";
				CLANG_ENABLE_MODULES = YES;
				CLANG_ENABLE_OBJC_ARC = YES;
				CLANG_ENABLE_OBJC_WEAK = YES;
				CLANG_WARN_BLOCK_CAPTURE_AUTORELEASING = YES;
				CLANG_WARN_BOOL_CONVERSION = YES;
				CLANG_WARN_COMMA = YES;
				CLANG_WARN_CONSTANT_CONVERSION = YES;
				CLANG_WARN_DEPRECATED_OBJC_IMPLEMENTATIONS = YES;
				CLANG_WARN_DIRECT_OBJC_ISA_USAGE = YES_ERROR;
				CLANG_WARN_DOCUMENTATION_COMMENTS = YES;
				CLANG_WARN_EMPTY_BODY = YES;
				CLANG_WARN_ENUM_CONVERSION = YES;
				CLANG_WARN_INFINITE_RECURSION = YES;
				CLANG_WARN_INT_CONVERSION = YES;
				CLANG_WARN_NON_LITERAL_NULL_CONVERSION = YES;
				CLANG_WARN_OBJC_IMPLICIT_RETAIN_SELF = YES;
				CLANG_WARN_OBJC_LITERAL_CONVERSION = YES;
				CLANG_WARN_OBJC_ROOT_CLASS = YES_ERROR;
				CLANG_WARN_QUOTED_INCLUDE_IN_FRAMEWORK_HEADER = YES;
				CLANG_WARN_RANGE_LOOP_ANALYSIS = YES;
				CLANG_WARN_STRICT_PROTOTYPES = YES;
				CLANG_WARN_SUSPICIOUS_MOVE = YES;
				CLANG_WARN_UNGUARDED_AVAILABILITY = YES_AGGRESSIVE;
				CLANG_WARN_UNREACHABLE_CODE = YES;
				CLANG_WARN__DUPLICATE_METHOD_MATCH = YES;
				COPY_PHASE_STRIP = NO;
				DEBUG_INFORMATION_FORMAT = dwarf;
				ENABLE_STRICT_OBJC_MSGSEND = YES;
				ENABLE_TESTABILITY = YES;
				GCC_C_LANGUAGE_STANDARD = gnu11;
				GCC_DYNAMIC_NO_PIC = NO;
				GCC_NO_COMMON_BLOCKS = YES;
				GCC_OPTIMIZATION_LEVEL = 0;
				GCC_PREPROCESSOR_DEFINITIONS = (
					"DEBUG=1",
					"$(inherited)",
				);
				GCC_WARN_64_TO_32_BIT_CONVERSION = YES;
				GCC_WARN_ABOUT_RETURN_TYPE = YES_ERROR;
				GCC_WARN_UNDECLARED_SELECTOR = YES;
				GCC_WARN_UNINITIALIZED_AUTOS = YES_AGGRESSIVE;
				GCC_WARN_UNUSED_FUNCTION = YES;
				GCC_WARN_UNUSED_VARIABLE = YES;
				IPHONEOS_DEPLOYMENT_TARGET = 16.1;
				MTL_ENABLE_DEBUG_INFO = INCLUDE_SOURCE;
				MTL_FAST_MATH = YES;
				ONLY_ACTIVE_ARCH = YES;
				SDKROOT = iphoneos;
			};
			name = Debug;
		};
		7D2BC3CD2943A1D10016129A /* Release */ = {
			isa = XCBuildConfiguration;
			buildSettings = {
				ALWAYS_SEARCH_USER_PATHS = NO;
				CLANG_ANALYZER_NONNULL = YES;
				CLANG_ANALYZER_NUMBER_OBJECT_CONVERSION = YES_AGGRESSIVE;
				CLANG_CXX_LANGUAGE_STANDARD = "gnu++20";
				CLANG_ENABLE_MODULES = YES;
				CLANG_ENABLE_OBJC_ARC = YES;
				CLANG_ENABLE_OBJC_WEAK = YES;
				CLANG_WARN_BLOCK_CAPTURE_AUTORELEASING = YES;
				CLANG_WARN_BOOL_CONVERSION = YES;
				CLANG_WARN_COMMA = YES;
				CLANG_WARN_CONSTANT_CONVERSION = YES;
				CLANG_WARN_DEPRECATED_OBJC_IMPLEMENTATIONS = YES;
				CLANG_WARN_DIRECT_OBJC_ISA_USAGE = YES_ERROR;
				CLANG_WARN_DOCUMENTATION_COMMENTS = YES;
				CLANG_WARN_EMPTY_BODY = YES;
				CLANG_WARN_ENUM_CONVERSION = YES;
				CLANG_WARN_INFINITE_RECURSION = YES;
				CLANG_WARN_INT_CONVERSION = YES;
				CLANG_WARN_NON_LITERAL_NULL_CONVERSION = YES;
				CLANG_WARN_OBJC_IMPLICIT_RETAIN_SELF = YES;
				CLANG_WARN_OBJC_LITERAL_CONVERSION = YES;
				CLANG_WARN_OBJC_ROOT_CLASS = YES_ERROR;
				CLANG_WARN_QUOTED_INCLUDE_IN_FRAMEWORK_HEADER = YES;
				CLANG_WARN_RANGE_LOOP_ANALYSIS = YES;
				CLANG_WARN_STRICT_PROTOTYPES = YES;
				CLANG_WARN_SUSPICIOUS_MOVE = YES;
				CLANG_WARN_UNGUARDED_AVAILABILITY = YES_AGGRESSIVE;
				CLANG_WARN_UNREACHABLE_CODE = YES;
				CLANG_WARN__DUPLICATE_METHOD_MATCH = YES;
				COPY_PHASE_STRIP = NO;
				DEBUG_INFORMATION_FORMAT = "dwarf-with-dsym";
				ENABLE_NS_ASSERTIONS = NO;
				ENABLE_STRICT_OBJC_MSGSEND = YES;
				GCC_C_LANGUAGE_STANDARD = gnu11;
				GCC_NO_COMMON_BLOCKS = YES;
				GCC_WARN_64_TO_32_BIT_CONVERSION = YES;
				GCC_WARN_ABOUT_RETURN_TYPE = YES_ERROR;
				GCC_WARN_UNDECLARED_SELECTOR = YES;
				GCC_WARN_UNINITIALIZED_AUTOS = YES_AGGRESSIVE;
				GCC_WARN_UNUSED_FUNCTION = YES;
				GCC_WARN_UNUSED_VARIABLE = YES;
				IPHONEOS_DEPLOYMENT_TARGET = 16.1;
				MTL_ENABLE_DEBUG_INFO = NO;
				MTL_FAST_MATH = YES;
				SDKROOT = iphoneos;
				VALIDATE_PRODUCT = YES;
			};
			name = Release;
		};
		7D2BC3CF2943A1D10016129A /* Debug */ = {
			isa = XCBuildConfiguration;
			buildSettings = {
				ASSETCATALOG_COMPILER_APPICON_NAME = AppIcon;
				ASSETCATALOG_COMPILER_GLOBAL_ACCENT_COLOR_NAME = AccentColor;
				CODE_SIGN_STYLE = Automatic;
				CURRENT_PROJECT_VERSION = 1;
				GENERATE_INFOPLIST_FILE = YES;
				INFOPLIST_FILE = DrawingIn2D/Info.plist;
				INFOPLIST_KEY_UIApplicationSupportsIndirectInputEvents = YES;
				INFOPLIST_KEY_UILaunchStoryboardName = LaunchScreen;
				INFOPLIST_KEY_UIMainStoryboardFile = Main;
				INFOPLIST_KEY_UISupportedInterfaceOrientations_iPad = "UIInterfaceOrientationPortrait UIInterfaceOrientationPortraitUpsideDown UIInterfaceOrientationLandscapeLeft UIInterfaceOrientationLandscapeRight";
				INFOPLIST_KEY_UISupportedInterfaceOrientations_iPhone = "UIInterfaceOrientationPortrait UIInterfaceOrientationLandscapeLeft UIInterfaceOrientationLandscapeRight";
				IPHONEOS_DEPLOYMENT_TARGET = 13.0;
				LD_RUNPATH_SEARCH_PATHS = (
					"$(inherited)",
					"@executable_path/Frameworks",
				);
				MARKETING_VERSION = 1.0;
				PRODUCT_BUNDLE_IDENTIFIER = com.grigoryserebryanyy.DrawingIn2D;
				PRODUCT_NAME = "$(TARGET_NAME)";
				SWIFT_EMIT_LOC_STRINGS = YES;
				TARGETED_DEVICE_FAMILY = "1,2";
			};
			name = Debug;
		};
		7D2BC3D02943A1D10016129A /* Release */ = {
			isa = XCBuildConfiguration;
			buildSettings = {
				ASSETCATALOG_COMPILER_APPICON_NAME = AppIcon;
				ASSETCATALOG_COMPILER_GLOBAL_ACCENT_COLOR_NAME = AccentColor;
				CODE_SIGN_STYLE = Automatic;
				CURRENT_PROJECT_VERSION = 1;
				GENERATE_INFOPLIST_FILE = YES;
				INFOPLIST_FILE = DrawingIn2D/Info.plist;
				INFOPLIST_KEY_UIApplicationSupportsIndirectInputEvents = YES;
				INFOPLIST_KEY_UILaunchStoryboardName = LaunchScreen;
				INFOPLIST_KEY_UIMainStoryboardFile = Main;
				INFOPLIST_KEY_UISupportedInterfaceOrientations_iPad = "UIInterfaceOrientationPortrait UIInterfaceOrientationPortraitUpsideDown UIInterfaceOrientationLandscapeLeft UIInterfaceOrientationLandscapeRight";
				INFOPLIST_KEY_UISupportedInterfaceOrientations_iPhone = "UIInterfaceOrientationPortrait UIInterfaceOrientationLandscapeLeft UIInterfaceOrientationLandscapeRight";
				IPHONEOS_DEPLOYMENT_TARGET = 13.0;
				LD_RUNPATH_SEARCH_PATHS = (
					"$(inherited)",
					"@executable_path/Frameworks",
				);
				MARKETING_VERSION = 1.0;
				PRODUCT_BUNDLE_IDENTIFIER = com.grigoryserebryanyy.DrawingIn2D;
				PRODUCT_NAME = "$(TARGET_NAME)";
				SWIFT_EMIT_LOC_STRINGS = YES;
				TARGETED_DEVICE_FAMILY = "1,2";
			};
			name = Release;
		};
/* End XCBuildConfiguration section */

/* Begin XCConfigurationList section */
		7D2BC3B02943A1CE0016129A /* Build configuration list for PBXProject "DrawingIn2D" */ = {
			isa = XCConfigurationList;
			buildConfigurations = (
				7D2BC3CC2943A1D10016129A /* Debug */,
				7D2BC3CD2943A1D10016129A /* Release */,
			);
			defaultConfigurationIsVisible = 0;
			defaultConfigurationName = Release;
		};
		7D2BC3CE2943A1D10016129A /* Build configuration list for PBXNativeTarget "DrawingIn2D" */ = {
			isa = XCConfigurationList;
			buildConfigurations = (
				7D2BC3CF2943A1D10016129A /* Debug */,
				7D2BC3D02943A1D10016129A /* Release */,
			);
			defaultConfigurationIsVisible = 0;
			defaultConfigurationName = Release;
		};
/* End XCConfigurationList section */
	};
	rootObject = 7D2BC3AD2943A1CE0016129A /* Project object */;
}
